
Microsoft Visual Studio Solution File, Format Version 12.00
# Visual Studio 15
VisualStudioVersion = 15.0.26228.9
MinimumVisualStudioVersion = 10.0.40219.1
Project("{9A19103F-16F7-4668-BE54-9A1E7A4F7556}") = "ElectricJeeves", "ElectricJeeves\ElectricJeeves.csproj", "{31D1AE0E-D19D-497E-B06D-ED9C2EA953E4}"
EndProject
Project("{E53339B2-1760-4266-BCC7-CA923CBCF16C}") = "docker-compose", "docker-compose.dcproj", "{94E40DD0-368B-4670-962C-8779B0B3EB70}"
EndProject
Project("{2150E333-8FDC-42A3-9474-1A3956D46DE8}") = "Solution Items", "Solution Items", "{47339CFE-5419-417C-92C4-D3D9DC22DDEA}"
	ProjectSection(SolutionItems) = preProject
		..\.gitignore = ..\.gitignore
		..\README.md = ..\README.md
	EndProjectSection
EndProject
Global
	GlobalSection(SolutionConfigurationPlatforms) = preSolution
		Debug|Any CPU = Debug|Any CPU
		Release|Any CPU = Release|Any CPU
	EndGlobalSection
	GlobalSection(ProjectConfigurationPlatforms) = postSolution
		{31D1AE0E-D19D-497E-B06D-ED9C2EA953E4}.Debug|Any CPU.ActiveCfg = Debug|Any CPU
		{31D1AE0E-D19D-497E-B06D-ED9C2EA953E4}.Debug|Any CPU.Build.0 = Debug|Any CPU
		{31D1AE0E-D19D-497E-B06D-ED9C2EA953E4}.Release|Any CPU.ActiveCfg = Release|Any CPU
		{31D1AE0E-D19D-497E-B06D-ED9C2EA953E4}.Release|Any CPU.Build.0 = Release|Any CPU
		{94E40DD0-368B-4670-962C-8779B0B3EB70}.Debug|Any CPU.ActiveCfg = Debug|Any CPU
		{94E40DD0-368B-4670-962C-8779B0B3EB70}.Debug|Any CPU.Build.0 = Debug|Any CPU
		{94E40DD0-368B-4670-962C-8779B0B3EB70}.Release|Any CPU.ActiveCfg = Release|Any CPU
		{94E40DD0-368B-4670-962C-8779B0B3EB70}.Release|Any CPU.Build.0 = Release|Any CPU
	EndGlobalSection
	GlobalSection(SolutionProperties) = preSolution
		HideSolutionNode = FALSE
	EndGlobalSection
EndGlobal
